
Microsoft Visual Studio Solution File, Format Version 12.00
# Visual Studio 14
VisualStudioVersion = 14.0.25420.1
MinimumVisualStudioVersion = 10.0.40219.1
Project("{FAE04EC0-301F-11D3-BF4B-00C04F79EFBC}") = "WpfApplication3", "WpfApplication3\WpfApplication3.csproj", "{8D7E9797-92BC-4458-AB1B-1209737833B1}"
EndProject
Project("{54435603-DBB4-11D2-8724-00A0C9A8B90C}") = "Stone", "Stone\Stone.vdproj", "{BDC62093-D21F-45DB-887A-424037F7ECCB}"
EndProject
Global
	GlobalSection(SolutionConfigurationPlatforms) = preSolution
		Debug|Any CPU = Debug|Any CPU
		Release|Any CPU = Release|Any CPU
	EndGlobalSection
	GlobalSection(ProjectConfigurationPlatforms) = postSolution
		{8D7E9797-92BC-4458-AB1B-1209737833B1}.Debug|Any CPU.ActiveCfg = Debug|Any CPU
		{8D7E9797-92BC-4458-AB1B-1209737833B1}.Debug|Any CPU.Build.0 = Debug|Any CPU
		{8D7E9797-92BC-4458-AB1B-1209737833B1}.Release|Any CPU.ActiveCfg = Release|Any CPU
		{8D7E9797-92BC-4458-AB1B-1209737833B1}.Release|Any CPU.Build.0 = Release|Any CPU
		{BDC62093-D21F-45DB-887A-424037F7ECCB}.Debug|Any CPU.ActiveCfg = Debug
		{BDC62093-D21F-45DB-887A-424037F7ECCB}.Release|Any CPU.ActiveCfg = Release
	EndGlobalSection
	GlobalSection(SolutionProperties) = preSolution
		HideSolutionNode = FALSE
	EndGlobalSection
EndGlobal
